%{"bunt": {:hex, :bunt, "0.1.6", "5d95a6882f73f3b9969fdfd1953798046664e6f77ec4e486e6fafc7caad97c6f", [:mix], []},
  "credo": {:hex, :credo, "0.4.7", "1516ebd3c6099eff74ed0ef50637f0a43113c3f65338a9e1792efc03dff34855", [:mix], [{:bunt, "~> 0.1.6", [hex: :bunt, optional: false]}]},
  "eqc_ex": {:hex, :eqc_ex, "1.3.0", "04dc4481319d2e2ff1ce136507078cdbaf5a124d6a05ce32d5d642db28b053e4", [:mix], []}}
